
Microsoft Visual Studio Solution File, Format Version 12.00
# Visual Studio 15
VisualStudioVersion = 15.0.27130.2003
MinimumVisualStudioVersion = 10.0.40219.1
Project("{FAE04EC0-301F-11D3-BF4B-00C04F79EFBC}") = "H13Engine", "H13Engine\H13Engine.csproj", "{8D1FB101-196D-4B94-A426-DD6E86A91CFD}"
EndProject
Global
	GlobalSection(SolutionConfigurationPlatforms) = preSolution
		Debug|Any CPU = Debug|Any CPU
		Release|Any CPU = Release|Any CPU
	EndGlobalSection
	GlobalSection(ProjectConfigurationPlatforms) = postSolution
		{8D1FB101-196D-4B94-A426-DD6E86A91CFD}.Debug|Any CPU.ActiveCfg = Debug|Any CPU
		{8D1FB101-196D-4B94-A426-DD6E86A91CFD}.Debug|Any CPU.Build.0 = Debug|Any CPU
		{8D1FB101-196D-4B94-A426-DD6E86A91CFD}.Release|Any CPU.ActiveCfg = Release|Any CPU
		{8D1FB101-196D-4B94-A426-DD6E86A91CFD}.Release|Any CPU.Build.0 = Release|Any CPU
	EndGlobalSection
	GlobalSection(SolutionProperties) = preSolution
		HideSolutionNode = FALSE
	EndGlobalSection
	GlobalSection(ExtensibilityGlobals) = postSolution
		SolutionGuid = {15B7CF67-691D-44F7-8B84-3AA7FD8BFCC7}
	EndGlobalSection
EndGlobal
